
Microsoft Visual Studio Solution File, Format Version 12.00
# Visual Studio Version 17
VisualStudioVersion = 17.14.36121.58
MinimumVisualStudioVersion = 10.0.40219.1
Project("{FAE04EC0-301F-11D3-BF4B-00C04F79EFBC}") = "Diana", "Diana\Diana.csproj", "{6F498193-91B6-425E-A7F4-416BB1FD285F}"
EndProject
Project("{FAE04EC0-301F-11D3-BF4B-00C04F79EFBC}") = "Diana.Core", "Diana.Core\Diana.Core.csproj", "{182CA312-F449-4C89-807C-B41BFA72EEB4}"
EndProject
Global
	GlobalSection(SolutionConfigurationPlatforms) = preSolution
		Debug|Any CPU = Debug|Any CPU
		Release|Any CPU = Release|Any CPU
	EndGlobalSection
	GlobalSection(ProjectConfigurationPlatforms) = postSolution
		{6F498193-91B6-425E-A7F4-416BB1FD285F}.Debug|Any CPU.ActiveCfg = Debug|Any CPU
		{6F498193-91B6-425E-A7F4-416BB1FD285F}.Debug|Any CPU.Build.0 = Debug|Any CPU
		{6F498193-91B6-425E-A7F4-416BB1FD285F}.Release|Any CPU.ActiveCfg = Release|Any CPU
		{6F498193-91B6-425E-A7F4-416BB1FD285F}.Release|Any CPU.Build.0 = Release|Any CPU
		{182CA312-F449-4C89-807C-B41BFA72EEB4}.Debug|Any CPU.ActiveCfg = Debug|Any CPU
		{182CA312-F449-4C89-807C-B41BFA72EEB4}.Debug|Any CPU.Build.0 = Debug|Any CPU
		{182CA312-F449-4C89-807C-B41BFA72EEB4}.Release|Any CPU.ActiveCfg = Release|Any CPU
		{182CA312-F449-4C89-807C-B41BFA72EEB4}.Release|Any CPU.Build.0 = Release|Any CPU
	EndGlobalSection
	GlobalSection(SolutionProperties) = preSolution
		HideSolutionNode = FALSE
	EndGlobalSection
	GlobalSection(ExtensibilityGlobals) = postSolution
		SolutionGuid = {2BCA2BC5-DCCC-4AAF-8211-B52DB6F5D875}
	EndGlobalSection
EndGlobal
